
Microsoft Visual Studio Solution File, Format Version 12.00
# Visual Studio 15
VisualStudioVersion = 15.0.27428.2043
MinimumVisualStudioVersion = 10.0.40219.1
Project("{2150E333-8FDC-42A3-9474-1A3956D46DE8}") = "Domain", "Domain", "{79FC366B-13E7-454E-89BB-057FDE260E0E}"
EndProject
Project("{2150E333-8FDC-42A3-9474-1A3956D46DE8}") = "Tests", "Tests", "{6155FEA1-A77F-4FB3-89A4-CD82BAA803B3}"
EndProject
Project("{2150E333-8FDC-42A3-9474-1A3956D46DE8}") = "Infrastructure", "Infrastructure", "{87745852-6B4F-460D-89F7-EC2D01D7763D}"
EndProject
Project("{2150E333-8FDC-42A3-9474-1A3956D46DE8}") = "Presentation", "Presentation", "{795FB914-0753-4594-91A4-FD23650A660C}"
EndProject
Project("{2150E333-8FDC-42A3-9474-1A3956D46DE8}") = "Unit", "Unit", "{CBBB561A-34B1-4561-80EA-ADE034BF3F15}"
EndProject
Project("{2150E333-8FDC-42A3-9474-1A3956D46DE8}") = "Integration", "Integration", "{C61A42F2-24E5-430A-BC09-3E5EE03C9131}"
EndProject
Project("{2150E333-8FDC-42A3-9474-1A3956D46DE8}") = "Acceptance", "Acceptance", "{1E022A2B-5188-485E-864D-C029F0DBB3D4}"
EndProject
Project("{2150E333-8FDC-42A3-9474-1A3956D46DE8}") = "Models", "Models", "{3393D192-EECA-4A06-9568-E79586B6B9D8}"
EndProject
Project("{2150E333-8FDC-42A3-9474-1A3956D46DE8}") = "DomainContracts", "DomainContracts", "{0B00DED1-6C30-4C76-9177-6D53BFB9843F}"
EndProject
Project("{2150E333-8FDC-42A3-9474-1A3956D46DE8}") = "RepositoryContracts", "RepositoryContracts", "{91445A36-0583-4AFD-B583-7EA78A2085B0}"
EndProject
Project("{2150E333-8FDC-42A3-9474-1A3956D46DE8}") = "QueryObjects", "QueryObjects", "{83972B3B-46D3-4CD8-8BB7-119E048B22F6}"
EndProject
Project("{2150E333-8FDC-42A3-9474-1A3956D46DE8}") = "DomainServices", "DomainServices", "{6EE8BAB3-71F0-4315-93FF-C77984EDC4C5}"
EndProject
Project("{2150E333-8FDC-42A3-9474-1A3956D46DE8}") = "Mapping", "Mapping", "{78B26D32-C0D3-48CC-93E8-855F07C7FDF3}"
EndProject
Project("{2150E333-8FDC-42A3-9474-1A3956D46DE8}") = "Repositories", "Repositories", "{2F9D8598-04AC-48BA-A442-2C534A564928}"
EndProject
Project("{2150E333-8FDC-42A3-9474-1A3956D46DE8}") = "Logging", "Logging", "{DFFB1BFD-5114-4956-9C50-2AFB201F58FF}"
EndProject
Project("{2150E333-8FDC-42A3-9474-1A3956D46DE8}") = "ViewModels", "ViewModels", "{C13D4BD0-365A-494F-B3E9-DFA430457A74}"
EndProject
Project("{2150E333-8FDC-42A3-9474-1A3956D46DE8}") = "Web", "Web", "{3022DF8D-5A13-4D88-A6F8-0BA6EB7AC12C}"
EndProject
Project("{FAE04EC0-301F-11D3-BF4B-00C04F79EFBC}") = "RR.DomainContracts", "RR.DomainContracts\RR.DomainContracts.csproj", "{CF04A273-6881-4D42-93E7-9425D9FE8D72}"
EndProject
Project("{FAE04EC0-301F-11D3-BF4B-00C04F79EFBC}") = "RR.DomainServices", "RR.DomainServices\RR.DomainServices.csproj", "{F8EC1735-CBCA-4E65-8889-7663886C6B4F}"
EndProject
Project("{FAE04EC0-301F-11D3-BF4B-00C04F79EFBC}") = "RR.Models", "RR.Models\RR.Models.csproj", "{B28688C2-00EA-4362-AEF3-DDFCE26CA650}"
EndProject
Project("{FAE04EC0-301F-11D3-BF4B-00C04F79EFBC}") = "RR.QueryObjects", "RR.QueryObjects\RR.QueryObjects.csproj", "{DEA08DF4-0C7F-40F0-9FF9-1D9A8098CD64}"
EndProject
Project("{FAE04EC0-301F-11D3-BF4B-00C04F79EFBC}") = "RR.RepositoryContracts", "RR.RepositoryContracts\RR.RepositoryContracts.csproj", "{288540DE-A160-45A9-B2FC-2BE8733F9E0B}"
EndProject
Project("{FAE04EC0-301F-11D3-BF4B-00C04F79EFBC}") = "RR.Logging", "RR.Logging\RR.Logging.csproj", "{CF4F9267-9779-4029-A064-F045A3F875B1}"
EndProject
Project("{FAE04EC0-301F-11D3-BF4B-00C04F79EFBC}") = "RR.Mapping", "RR.Mapping\RR.Mapping.csproj", "{041F1F0C-DC31-422A-AB22-1ACDF5FF2944}"
EndProject
Project("{FAE04EC0-301F-11D3-BF4B-00C04F79EFBC}") = "RR.Repositories", "RR.Repositories\RR.Repositories.csproj", "{02FC4743-6021-4F87-880E-DFA4764EB0F2}"
EndProject
Project("{FAE04EC0-301F-11D3-BF4B-00C04F79EFBC}") = "RR.ViewModels", "RR.ViewModels\RR.ViewModels.csproj", "{7F551E33-9409-45B4-BE54-C451BD62AB21}"
EndProject
Project("{FAE04EC0-301F-11D3-BF4B-00C04F79EFBC}") = "RR.Web", "RR.Web\RR.Web.csproj", "{2ED5C4D5-CF29-4FD0-8199-23AC2BB7D5C7}"
EndProject
Project("{FAE04EC0-301F-11D3-BF4B-00C04F79EFBC}") = "RR.Tests.Acceptance", "RR.Tests.Acceptance\RR.Tests.Acceptance.csproj", "{70E44A95-5106-4B70-AE30-54C1350A6DAD}"
EndProject
Project("{FAE04EC0-301F-11D3-BF4B-00C04F79EFBC}") = "RR.Tests.Integration", "RR.Tests.Integration\RR.Tests.Integration.csproj", "{08FA64BF-8A3F-4CCF-B4B7-807E921CBFE8}"
EndProject
Project("{FAE04EC0-301F-11D3-BF4B-00C04F79EFBC}") = "RR.Tests.Unit", "RR.Tests.Unit\RR.Tests.Unit.csproj", "{906BE7C9-208E-44C4-8779-A627A22598F8}"
EndProject
Global
	GlobalSection(SolutionConfigurationPlatforms) = preSolution
		Debug|Any CPU = Debug|Any CPU
		Release|Any CPU = Release|Any CPU
	EndGlobalSection
	GlobalSection(ProjectConfigurationPlatforms) = postSolution
		{CF04A273-6881-4D42-93E7-9425D9FE8D72}.Debug|Any CPU.ActiveCfg = Debug|Any CPU
		{CF04A273-6881-4D42-93E7-9425D9FE8D72}.Debug|Any CPU.Build.0 = Debug|Any CPU
		{CF04A273-6881-4D42-93E7-9425D9FE8D72}.Release|Any CPU.ActiveCfg = Release|Any CPU
		{CF04A273-6881-4D42-93E7-9425D9FE8D72}.Release|Any CPU.Build.0 = Release|Any CPU
		{F8EC1735-CBCA-4E65-8889-7663886C6B4F}.Debug|Any CPU.ActiveCfg = Debug|Any CPU
		{F8EC1735-CBCA-4E65-8889-7663886C6B4F}.Debug|Any CPU.Build.0 = Debug|Any CPU
		{F8EC1735-CBCA-4E65-8889-7663886C6B4F}.Release|Any CPU.ActiveCfg = Release|Any CPU
		{F8EC1735-CBCA-4E65-8889-7663886C6B4F}.Release|Any CPU.Build.0 = Release|Any CPU
		{B28688C2-00EA-4362-AEF3-DDFCE26CA650}.Debug|Any CPU.ActiveCfg = Debug|Any CPU
		{B28688C2-00EA-4362-AEF3-DDFCE26CA650}.Debug|Any CPU.Build.0 = Debug|Any CPU
		{B28688C2-00EA-4362-AEF3-DDFCE26CA650}.Release|Any CPU.ActiveCfg = Release|Any CPU
		{B28688C2-00EA-4362-AEF3-DDFCE26CA650}.Release|Any CPU.Build.0 = Release|Any CPU
		{DEA08DF4-0C7F-40F0-9FF9-1D9A8098CD64}.Debug|Any CPU.ActiveCfg = Debug|Any CPU
		{DEA08DF4-0C7F-40F0-9FF9-1D9A8098CD64}.Debug|Any CPU.Build.0 = Debug|Any CPU
		{DEA08DF4-0C7F-40F0-9FF9-1D9A8098CD64}.Release|Any CPU.ActiveCfg = Release|Any CPU
		{DEA08DF4-0C7F-40F0-9FF9-1D9A8098CD64}.Release|Any CPU.Build.0 = Release|Any CPU
		{288540DE-A160-45A9-B2FC-2BE8733F9E0B}.Debug|Any CPU.ActiveCfg = Debug|Any CPU
		{288540DE-A160-45A9-B2FC-2BE8733F9E0B}.Debug|Any CPU.Build.0 = Debug|Any CPU
		{288540DE-A160-45A9-B2FC-2BE8733F9E0B}.Release|Any CPU.ActiveCfg = Release|Any CPU
		{288540DE-A160-45A9-B2FC-2BE8733F9E0B}.Release|Any CPU.Build.0 = Release|Any CPU
		{CF4F9267-9779-4029-A064-F045A3F875B1}.Debug|Any CPU.ActiveCfg = Debug|Any CPU
		{CF4F9267-9779-4029-A064-F045A3F875B1}.Debug|Any CPU.Build.0 = Debug|Any CPU
		{CF4F9267-9779-4029-A064-F045A3F875B1}.Release|Any CPU.ActiveCfg = Release|Any CPU
		{CF4F9267-9779-4029-A064-F045A3F875B1}.Release|Any CPU.Build.0 = Release|Any CPU
		{041F1F0C-DC31-422A-AB22-1ACDF5FF2944}.Debug|Any CPU.ActiveCfg = Debug|Any CPU
		{041F1F0C-DC31-422A-AB22-1ACDF5FF2944}.Debug|Any CPU.Build.0 = Debug|Any CPU
		{041F1F0C-DC31-422A-AB22-1ACDF5FF2944}.Release|Any CPU.ActiveCfg = Release|Any CPU
		{041F1F0C-DC31-422A-AB22-1ACDF5FF2944}.Release|Any CPU.Build.0 = Release|Any CPU
		{02FC4743-6021-4F87-880E-DFA4764EB0F2}.Debug|Any CPU.ActiveCfg = Debug|Any CPU
		{02FC4743-6021-4F87-880E-DFA4764EB0F2}.Debug|Any CPU.Build.0 = Debug|Any CPU
		{02FC4743-6021-4F87-880E-DFA4764EB0F2}.Release|Any CPU.ActiveCfg = Release|Any CPU
		{02FC4743-6021-4F87-880E-DFA4764EB0F2}.Release|Any CPU.Build.0 = Release|Any CPU
		{7F551E33-9409-45B4-BE54-C451BD62AB21}.Debug|Any CPU.ActiveCfg = Debug|Any CPU
		{7F551E33-9409-45B4-BE54-C451BD62AB21}.Debug|Any CPU.Build.0 = Debug|Any CPU
		{7F551E33-9409-45B4-BE54-C451BD62AB21}.Release|Any CPU.ActiveCfg = Release|Any CPU
		{7F551E33-9409-45B4-BE54-C451BD62AB21}.Release|Any CPU.Build.0 = Release|Any CPU
		{2ED5C4D5-CF29-4FD0-8199-23AC2BB7D5C7}.Debug|Any CPU.ActiveCfg = Debug|Any CPU
		{2ED5C4D5-CF29-4FD0-8199-23AC2BB7D5C7}.Debug|Any CPU.Build.0 = Debug|Any CPU
		{2ED5C4D5-CF29-4FD0-8199-23AC2BB7D5C7}.Release|Any CPU.ActiveCfg = Release|Any CPU
		{2ED5C4D5-CF29-4FD0-8199-23AC2BB7D5C7}.Release|Any CPU.Build.0 = Release|Any CPU
		{70E44A95-5106-4B70-AE30-54C1350A6DAD}.Debug|Any CPU.ActiveCfg = Debug|Any CPU
		{70E44A95-5106-4B70-AE30-54C1350A6DAD}.Debug|Any CPU.Build.0 = Debug|Any CPU
		{70E44A95-5106-4B70-AE30-54C1350A6DAD}.Release|Any CPU.ActiveCfg = Release|Any CPU
		{70E44A95-5106-4B70-AE30-54C1350A6DAD}.Release|Any CPU.Build.0 = Release|Any CPU
		{08FA64BF-8A3F-4CCF-B4B7-807E921CBFE8}.Debug|Any CPU.ActiveCfg = Debug|Any CPU
		{08FA64BF-8A3F-4CCF-B4B7-807E921CBFE8}.Debug|Any CPU.Build.0 = Debug|Any CPU
		{08FA64BF-8A3F-4CCF-B4B7-807E921CBFE8}.Release|Any CPU.ActiveCfg = Release|Any CPU
		{08FA64BF-8A3F-4CCF-B4B7-807E921CBFE8}.Release|Any CPU.Build.0 = Release|Any CPU
		{906BE7C9-208E-44C4-8779-A627A22598F8}.Debug|Any CPU.ActiveCfg = Debug|Any CPU
		{906BE7C9-208E-44C4-8779-A627A22598F8}.Debug|Any CPU.Build.0 = Debug|Any CPU
		{906BE7C9-208E-44C4-8779-A627A22598F8}.Release|Any CPU.ActiveCfg = Release|Any CPU
		{906BE7C9-208E-44C4-8779-A627A22598F8}.Release|Any CPU.Build.0 = Release|Any CPU
	EndGlobalSection
	GlobalSection(SolutionProperties) = preSolution
		HideSolutionNode = FALSE
	EndGlobalSection
	GlobalSection(NestedProjects) = preSolution
		{CBBB561A-34B1-4561-80EA-ADE034BF3F15} = {6155FEA1-A77F-4FB3-89A4-CD82BAA803B3}
		{C61A42F2-24E5-430A-BC09-3E5EE03C9131} = {6155FEA1-A77F-4FB3-89A4-CD82BAA803B3}
		{1E022A2B-5188-485E-864D-C029F0DBB3D4} = {6155FEA1-A77F-4FB3-89A4-CD82BAA803B3}
		{3393D192-EECA-4A06-9568-E79586B6B9D8} = {79FC366B-13E7-454E-89BB-057FDE260E0E}
		{0B00DED1-6C30-4C76-9177-6D53BFB9843F} = {79FC366B-13E7-454E-89BB-057FDE260E0E}
		{91445A36-0583-4AFD-B583-7EA78A2085B0} = {79FC366B-13E7-454E-89BB-057FDE260E0E}
		{83972B3B-46D3-4CD8-8BB7-119E048B22F6} = {79FC366B-13E7-454E-89BB-057FDE260E0E}
		{6EE8BAB3-71F0-4315-93FF-C77984EDC4C5} = {79FC366B-13E7-454E-89BB-057FDE260E0E}
		{78B26D32-C0D3-48CC-93E8-855F07C7FDF3} = {87745852-6B4F-460D-89F7-EC2D01D7763D}
		{2F9D8598-04AC-48BA-A442-2C534A564928} = {87745852-6B4F-460D-89F7-EC2D01D7763D}
		{DFFB1BFD-5114-4956-9C50-2AFB201F58FF} = {87745852-6B4F-460D-89F7-EC2D01D7763D}
		{C13D4BD0-365A-494F-B3E9-DFA430457A74} = {795FB914-0753-4594-91A4-FD23650A660C}
		{3022DF8D-5A13-4D88-A6F8-0BA6EB7AC12C} = {795FB914-0753-4594-91A4-FD23650A660C}
		{CF04A273-6881-4D42-93E7-9425D9FE8D72} = {0B00DED1-6C30-4C76-9177-6D53BFB9843F}
		{F8EC1735-CBCA-4E65-8889-7663886C6B4F} = {6EE8BAB3-71F0-4315-93FF-C77984EDC4C5}
		{B28688C2-00EA-4362-AEF3-DDFCE26CA650} = {3393D192-EECA-4A06-9568-E79586B6B9D8}
		{DEA08DF4-0C7F-40F0-9FF9-1D9A8098CD64} = {83972B3B-46D3-4CD8-8BB7-119E048B22F6}
		{288540DE-A160-45A9-B2FC-2BE8733F9E0B} = {91445A36-0583-4AFD-B583-7EA78A2085B0}
		{CF4F9267-9779-4029-A064-F045A3F875B1} = {DFFB1BFD-5114-4956-9C50-2AFB201F58FF}
		{041F1F0C-DC31-422A-AB22-1ACDF5FF2944} = {78B26D32-C0D3-48CC-93E8-855F07C7FDF3}
		{02FC4743-6021-4F87-880E-DFA4764EB0F2} = {2F9D8598-04AC-48BA-A442-2C534A564928}
		{7F551E33-9409-45B4-BE54-C451BD62AB21} = {C13D4BD0-365A-494F-B3E9-DFA430457A74}
		{2ED5C4D5-CF29-4FD0-8199-23AC2BB7D5C7} = {3022DF8D-5A13-4D88-A6F8-0BA6EB7AC12C}
		{70E44A95-5106-4B70-AE30-54C1350A6DAD} = {1E022A2B-5188-485E-864D-C029F0DBB3D4}
		{08FA64BF-8A3F-4CCF-B4B7-807E921CBFE8} = {C61A42F2-24E5-430A-BC09-3E5EE03C9131}
		{906BE7C9-208E-44C4-8779-A627A22598F8} = {CBBB561A-34B1-4561-80EA-ADE034BF3F15}
	EndGlobalSection
	GlobalSection(ExtensibilityGlobals) = postSolution
		SolutionGuid = {87E2A2B0-53B6-4F47-B0DB-7028AA16865E}
	EndGlobalSection
EndGlobal
